
Microsoft Visual Studio Solution File, Format Version 12.00
# Visual Studio Version 17
VisualStudioVersion = 17.4.33403.182
MinimumVisualStudioVersion = 10.0.40219.1
Project("{FAE04EC0-301F-11D3-BF4B-00C04F79EFBC}") = "String", "String\String.csproj", "{F3329863-120D-4A9E-B770-73E63A5CDA7D}"
EndProject
Global
	GlobalSection(SolutionConfigurationPlatforms) = preSolution
		Debug|Any CPU = Debug|Any CPU
		Release|Any CPU = Release|Any CPU
	EndGlobalSection
	GlobalSection(ProjectConfigurationPlatforms) = postSolution
		{F3329863-120D-4A9E-B770-73E63A5CDA7D}.Debug|Any CPU.ActiveCfg = Debug|Any CPU
		{F3329863-120D-4A9E-B770-73E63A5CDA7D}.Debug|Any CPU.Build.0 = Debug|Any CPU
		{F3329863-120D-4A9E-B770-73E63A5CDA7D}.Release|Any CPU.ActiveCfg = Release|Any CPU
		{F3329863-120D-4A9E-B770-73E63A5CDA7D}.Release|Any CPU.Build.0 = Release|Any CPU
	EndGlobalSection
	GlobalSection(SolutionProperties) = preSolution
		HideSolutionNode = FALSE
	EndGlobalSection
	GlobalSection(ExtensibilityGlobals) = postSolution
		SolutionGuid = {83DE9668-87B5-4200-8924-84DBFC29B180}
	EndGlobalSection
EndGlobal
